
Microsoft Visual Studio Solution File, Format Version 12.00
# Visual Studio Version 17
VisualStudioVersion = 17.3.32804.467
MinimumVisualStudioVersion = 10.0.40219.1
Project("{2150E333-8FDC-42A3-9474-1A3956D46DE8}") = "Solution Items", "Solution Items", "{FA83895A-1CED-4FC5-9F11-6AFA109CFC7D}"
	ProjectSection(SolutionItems) = preProject
		..\.gitignore = ..\.gitignore
		..\scripts\clean.bat = ..\scripts\clean.bat
		..\scripts\download.bat = ..\scripts\download.bat
		manifest.xml = manifest.xml
		..\scripts\prebuild.bat = ..\scripts\prebuild.bat
		..\README.md = ..\README.md
		..\scripts\version.bat = ..\scripts\version.bat
	EndProjectSection
EndProject
Project("{8BC9CEB8-8B4A-11D0-8D11-00A0C91BC942}") = "sample1", "sample1.vcxproj", "{4A21BE1F-678C-4733-A9F0-A7BFFFCF3CC2}"
EndProject
Project("{8BC9CEB8-8B4A-11D0-8D11-00A0C91BC942}") = "sample2", "sample2.vcxproj", "{0B45C2EE-3A7E-46B0-8B8D-5DB62BF75A43}"
EndProject
Project("{8BC9CEB8-8B4A-11D0-8D11-00A0C91BC942}") = "sample3", "sample3.vcxproj", "{0B45C2EE-3A7E-46B0-3B3D-5DB62BF75A43}"
EndProject
Project("{8BC9CEB8-8B4A-11D0-8D11-00A0C91BC942}") = "sample4", "sample4.vcxproj", "{4A12BE1F-678C-4733-A9F0-A7BFFFCF3CC4}"
EndProject
Project("{8BC9CEB8-8B4A-11D0-8D11-00A0C91BC942}") = "sample9", "sample9.vcxproj", "{1B99C2EE-3A7E-46B0-3B3D-5DB99BF75A34}"
EndProject
Project("{8BC9CEB8-8B4A-11D0-8D11-00A0C91BC942}") = "prebuild", "prebuild.vcxproj", "{9F53C795-2A93-4154-8B04-BB1829D67602}"
EndProject
Project("{8BC9CEB8-8B4A-11D0-8D11-00A0C91BC942}") = "sample5", "sample5.vcxproj", "{4A21BE1F-678C-4733-A9F1-A8BFFFCF3CC2}"
EndProject
Project("{8BC9CEB8-8B4A-11D0-8D11-00A0C91BC942}") = "sample6", "sample6.vcxproj", "{8930DB4B-FF85-4434-A9FD-4251F6B0749C}"
EndProject
Global
	GlobalSection(SolutionConfigurationPlatforms) = preSolution
		Debug|x64 = Debug|x64
		Release|x64 = Release|x64
	EndGlobalSection
	GlobalSection(ProjectConfigurationPlatforms) = postSolution
		{4A21BE1F-678C-4733-A9F0-A7BFFFCF3CC2}.Debug|x64.ActiveCfg = Debug|x64
		{4A21BE1F-678C-4733-A9F0-A7BFFFCF3CC2}.Debug|x64.Build.0 = Debug|x64
		{4A21BE1F-678C-4733-A9F0-A7BFFFCF3CC2}.Release|x64.ActiveCfg = Release|x64
		{4A21BE1F-678C-4733-A9F0-A7BFFFCF3CC2}.Release|x64.Build.0 = Release|x64
		{0B45C2EE-3A7E-46B0-8B8D-5DB62BF75A43}.Debug|x64.ActiveCfg = Debug|x64
		{0B45C2EE-3A7E-46B0-8B8D-5DB62BF75A43}.Debug|x64.Build.0 = Debug|x64
		{0B45C2EE-3A7E-46B0-8B8D-5DB62BF75A43}.Release|x64.ActiveCfg = Release|x64
		{0B45C2EE-3A7E-46B0-8B8D-5DB62BF75A43}.Release|x64.Build.0 = Release|x64
		{0B45C2EE-3A7E-46B0-3B3D-5DB62BF75A43}.Debug|x64.ActiveCfg = Debug|x64
		{0B45C2EE-3A7E-46B0-3B3D-5DB62BF75A43}.Debug|x64.Build.0 = Debug|x64
		{0B45C2EE-3A7E-46B0-3B3D-5DB62BF75A43}.Release|x64.ActiveCfg = Release|x64
		{0B45C2EE-3A7E-46B0-3B3D-5DB62BF75A43}.Release|x64.Build.0 = Release|x64
		{4A12BE1F-678C-4733-A9F0-A7BFFFCF3CC4}.Debug|x64.ActiveCfg = Debug|x64
		{4A12BE1F-678C-4733-A9F0-A7BFFFCF3CC4}.Debug|x64.Build.0 = Debug|x64
		{4A12BE1F-678C-4733-A9F0-A7BFFFCF3CC4}.Release|x64.ActiveCfg = Release|x64
		{4A12BE1F-678C-4733-A9F0-A7BFFFCF3CC4}.Release|x64.Build.0 = Release|x64
		{1B99C2EE-3A7E-46B0-3B3D-5DB99BF75A34}.Debug|x64.ActiveCfg = Debug|x64
		{1B99C2EE-3A7E-46B0-3B3D-5DB99BF75A34}.Debug|x64.Build.0 = Debug|x64
		{1B99C2EE-3A7E-46B0-3B3D-5DB99BF75A34}.Release|x64.ActiveCfg = Release|x64
		{1B99C2EE-3A7E-46B0-3B3D-5DB99BF75A34}.Release|x64.Build.0 = Release|x64
		{9F53C795-2A93-4154-8B04-BB1829D67602}.Debug|x64.ActiveCfg = Debug|x64
		{9F53C795-2A93-4154-8B04-BB1829D67602}.Debug|x64.Build.0 = Debug|x64
		{9F53C795-2A93-4154-8B04-BB1829D67602}.Release|x64.ActiveCfg = Release|x64
		{9F53C795-2A93-4154-8B04-BB1829D67602}.Release|x64.Build.0 = Release|x64
		{4A21BE1F-678C-4733-A9F1-A8BFFFCF3CC2}.Debug|x64.ActiveCfg = Debug|x64
		{4A21BE1F-678C-4733-A9F1-A8BFFFCF3CC2}.Debug|x64.Build.0 = Debug|x64
		{4A21BE1F-678C-4733-A9F1-A8BFFFCF3CC2}.Release|x64.ActiveCfg = Release|x64
		{4A21BE1F-678C-4733-A9F1-A8BFFFCF3CC2}.Release|x64.Build.0 = Release|x64
		{8930DB4B-FF85-4434-A9FD-4251F6B0749C}.Debug|x64.ActiveCfg = Debug|x64
		{8930DB4B-FF85-4434-A9FD-4251F6B0749C}.Debug|x64.Build.0 = Debug|x64
		{8930DB4B-FF85-4434-A9FD-4251F6B0749C}.Release|x64.ActiveCfg = Release|x64
		{8930DB4B-FF85-4434-A9FD-4251F6B0749C}.Release|x64.Build.0 = Release|x64
	EndGlobalSection
	GlobalSection(SolutionProperties) = preSolution
		HideSolutionNode = FALSE
	EndGlobalSection
	GlobalSection(ExtensibilityGlobals) = postSolution
		SolutionGuid = {4903FF9C-ADBE-4753-BB20-C4EEE5D83493}
	EndGlobalSection
EndGlobal
